
Microsoft Visual Studio Solution File, Format Version 12.00
# Visual Studio Version 17
VisualStudioVersion = 17.3.32611.2
MinimumVisualStudioVersion = 10.0.40219.1
Project("{9A19103F-16F7-4668-BE54-9A1E7A4F7556}") = "SampleApp", "source\SampleApp.Main\SampleApp.csproj", "{387AE2CD-42D9-4F48-9F44-86708BE7208F}"
EndProject
Project("{9A19103F-16F7-4668-BE54-9A1E7A4F7556}") = "SampleApp.Modules.Contacts", "source\SampleApp.Modules.Contacts\SampleApp.Modules.Contacts.csproj", "{0B2ACB71-744B-465F-BBB5-E5DF0E712143}"
EndProject
Project("{9A19103F-16F7-4668-BE54-9A1E7A4F7556}") = "SampleApp.Modules.Calendar", "source\SampleApp.Modules.Calendar\SampleApp.Modules.Calendar.csproj", "{032DA6CE-01C2-4B6B-B762-3DCF2006DF2A}"
EndProject
Project("{9A19103F-16F7-4668-BE54-9A1E7A4F7556}") = "SampleApp.Modules.Mail", "source\SampleApp.Modules.Mail\SampleApp.Modules.Mail.csproj", "{224A3A32-AC4E-4487-BC2C-B5969B39CDFA}"
EndProject
Project("{9A19103F-16F7-4668-BE54-9A1E7A4F7556}") = "SampleApp.Modules.Message", "source\SampleApp.Modules.Message\SampleApp.Modules.Message.csproj", "{E338CD52-7BDF-42D9-80FE-8ACDC9C3B4BD}"
EndProject
Project("{2150E333-8FDC-42A3-9474-1A3956D46DE8}") = "Modules", "Modules", "{93827707-8DE9-423D-8397-644842DE664F}"
EndProject
Project("{9A19103F-16F7-4668-BE54-9A1E7A4F7556}") = "SampleApp.Common", "source\SampleApp.Common\SampleApp.Common.csproj", "{DD4D096C-60C0-42DA-B160-DF2C584CB6BF}"
EndProject
Project("{2150E333-8FDC-42A3-9474-1A3956D46DE8}") = "Solution Items", "Solution Items", "{2726DE72-061E-4E27-8DEB-A3CE6AAC4398}"
	ProjectSection(SolutionItems) = preProject
		.editorconfig = .editorconfig
		CodeMaid.config = CodeMaid.config
		Directory.Packages.props = Directory.Packages.props
		readme.md = readme.md
	EndProjectSection
EndProject
Project("{9A19103F-16F7-4668-BE54-9A1E7A4F7556}") = "SampleApp.Services", "SampleApp.Services\SampleApp.Services.csproj", "{1AFDDD2F-2AF5-4BF3-AE04-89A23B2991D3}"
EndProject
Global
	GlobalSection(SolutionConfigurationPlatforms) = preSolution
		Debug|Any CPU = Debug|Any CPU
		Debug|x64 = Debug|x64
		Debug|x86 = Debug|x86
		Release|Any CPU = Release|Any CPU
		Release|x64 = Release|x64
		Release|x86 = Release|x86
	EndGlobalSection
	GlobalSection(ProjectConfigurationPlatforms) = postSolution
		{387AE2CD-42D9-4F48-9F44-86708BE7208F}.Debug|Any CPU.ActiveCfg = Debug|Any CPU
		{387AE2CD-42D9-4F48-9F44-86708BE7208F}.Debug|Any CPU.Build.0 = Debug|Any CPU
		{387AE2CD-42D9-4F48-9F44-86708BE7208F}.Debug|x64.ActiveCfg = Debug|Any CPU
		{387AE2CD-42D9-4F48-9F44-86708BE7208F}.Debug|x64.Build.0 = Debug|Any CPU
		{387AE2CD-42D9-4F48-9F44-86708BE7208F}.Debug|x86.ActiveCfg = Debug|Any CPU
		{387AE2CD-42D9-4F48-9F44-86708BE7208F}.Debug|x86.Build.0 = Debug|Any CPU
		{387AE2CD-42D9-4F48-9F44-86708BE7208F}.Release|Any CPU.ActiveCfg = Release|Any CPU
		{387AE2CD-42D9-4F48-9F44-86708BE7208F}.Release|Any CPU.Build.0 = Release|Any CPU
		{387AE2CD-42D9-4F48-9F44-86708BE7208F}.Release|x64.ActiveCfg = Release|Any CPU
		{387AE2CD-42D9-4F48-9F44-86708BE7208F}.Release|x64.Build.0 = Release|Any CPU
		{387AE2CD-42D9-4F48-9F44-86708BE7208F}.Release|x86.ActiveCfg = Release|Any CPU
		{387AE2CD-42D9-4F48-9F44-86708BE7208F}.Release|x86.Build.0 = Release|Any CPU
		{0B2ACB71-744B-465F-BBB5-E5DF0E712143}.Debug|Any CPU.ActiveCfg = Debug|Any CPU
		{0B2ACB71-744B-465F-BBB5-E5DF0E712143}.Debug|Any CPU.Build.0 = Debug|Any CPU
		{0B2ACB71-744B-465F-BBB5-E5DF0E712143}.Debug|x64.ActiveCfg = Debug|Any CPU
		{0B2ACB71-744B-465F-BBB5-E5DF0E712143}.Debug|x64.Build.0 = Debug|Any CPU
		{0B2ACB71-744B-465F-BBB5-E5DF0E712143}.Debug|x86.ActiveCfg = Debug|Any CPU
		{0B2ACB71-744B-465F-BBB5-E5DF0E712143}.Debug|x86.Build.0 = Debug|Any CPU
		{0B2ACB71-744B-465F-BBB5-E5DF0E712143}.Release|Any CPU.ActiveCfg = Release|Any CPU
		{0B2ACB71-744B-465F-BBB5-E5DF0E712143}.Release|Any CPU.Build.0 = Release|Any CPU
		{0B2ACB71-744B-465F-BBB5-E5DF0E712143}.Release|x64.ActiveCfg = Release|Any CPU
		{0B2ACB71-744B-465F-BBB5-E5DF0E712143}.Release|x64.Build.0 = Release|Any CPU
		{0B2ACB71-744B-465F-BBB5-E5DF0E712143}.Release|x86.ActiveCfg = Release|Any CPU
		{0B2ACB71-744B-465F-BBB5-E5DF0E712143}.Release|x86.Build.0 = Release|Any CPU
		{032DA6CE-01C2-4B6B-B762-3DCF2006DF2A}.Debug|Any CPU.ActiveCfg = Debug|Any CPU
		{032DA6CE-01C2-4B6B-B762-3DCF2006DF2A}.Debug|Any CPU.Build.0 = Debug|Any CPU
		{032DA6CE-01C2-4B6B-B762-3DCF2006DF2A}.Debug|x64.ActiveCfg = Debug|Any CPU
		{032DA6CE-01C2-4B6B-B762-3DCF2006DF2A}.Debug|x64.Build.0 = Debug|Any CPU
		{032DA6CE-01C2-4B6B-B762-3DCF2006DF2A}.Debug|x86.ActiveCfg = Debug|Any CPU
		{032DA6CE-01C2-4B6B-B762-3DCF2006DF2A}.Debug|x86.Build.0 = Debug|Any CPU
		{032DA6CE-01C2-4B6B-B762-3DCF2006DF2A}.Release|Any CPU.ActiveCfg = Release|Any CPU
		{032DA6CE-01C2-4B6B-B762-3DCF2006DF2A}.Release|Any CPU.Build.0 = Release|Any CPU
		{032DA6CE-01C2-4B6B-B762-3DCF2006DF2A}.Release|x64.ActiveCfg = Release|Any CPU
		{032DA6CE-01C2-4B6B-B762-3DCF2006DF2A}.Release|x64.Build.0 = Release|Any CPU
		{032DA6CE-01C2-4B6B-B762-3DCF2006DF2A}.Release|x86.ActiveCfg = Release|Any CPU
		{032DA6CE-01C2-4B6B-B762-3DCF2006DF2A}.Release|x86.Build.0 = Release|Any CPU
		{224A3A32-AC4E-4487-BC2C-B5969B39CDFA}.Debug|Any CPU.ActiveCfg = Debug|Any CPU
		{224A3A32-AC4E-4487-BC2C-B5969B39CDFA}.Debug|Any CPU.Build.0 = Debug|Any CPU
		{224A3A32-AC4E-4487-BC2C-B5969B39CDFA}.Debug|x64.ActiveCfg = Debug|Any CPU
		{224A3A32-AC4E-4487-BC2C-B5969B39CDFA}.Debug|x64.Build.0 = Debug|Any CPU
		{224A3A32-AC4E-4487-BC2C-B5969B39CDFA}.Debug|x86.ActiveCfg = Debug|Any CPU
		{224A3A32-AC4E-4487-BC2C-B5969B39CDFA}.Debug|x86.Build.0 = Debug|Any CPU
		{224A3A32-AC4E-4487-BC2C-B5969B39CDFA}.Release|Any CPU.ActiveCfg = Release|Any CPU
		{224A3A32-AC4E-4487-BC2C-B5969B39CDFA}.Release|Any CPU.Build.0 = Release|Any CPU
		{224A3A32-AC4E-4487-BC2C-B5969B39CDFA}.Release|x64.ActiveCfg = Release|Any CPU
		{224A3A32-AC4E-4487-BC2C-B5969B39CDFA}.Release|x64.Build.0 = Release|Any CPU
		{224A3A32-AC4E-4487-BC2C-B5969B39CDFA}.Release|x86.ActiveCfg = Release|Any CPU
		{224A3A32-AC4E-4487-BC2C-B5969B39CDFA}.Release|x86.Build.0 = Release|Any CPU
		{E338CD52-7BDF-42D9-80FE-8ACDC9C3B4BD}.Debug|Any CPU.ActiveCfg = Debug|Any CPU
		{E338CD52-7BDF-42D9-80FE-8ACDC9C3B4BD}.Debug|Any CPU.Build.0 = Debug|Any CPU
		{E338CD52-7BDF-42D9-80FE-8ACDC9C3B4BD}.Debug|x64.ActiveCfg = Debug|Any CPU
		{E338CD52-7BDF-42D9-80FE-8ACDC9C3B4BD}.Debug|x64.Build.0 = Debug|Any CPU
		{E338CD52-7BDF-42D9-80FE-8ACDC9C3B4BD}.Debug|x86.ActiveCfg = Debug|Any CPU
		{E338CD52-7BDF-42D9-80FE-8ACDC9C3B4BD}.Debug|x86.Build.0 = Debug|Any CPU
		{E338CD52-7BDF-42D9-80FE-8ACDC9C3B4BD}.Release|Any CPU.ActiveCfg = Release|Any CPU
		{E338CD52-7BDF-42D9-80FE-8ACDC9C3B4BD}.Release|Any CPU.Build.0 = Release|Any CPU
		{E338CD52-7BDF-42D9-80FE-8ACDC9C3B4BD}.Release|x64.ActiveCfg = Release|Any CPU
		{E338CD52-7BDF-42D9-80FE-8ACDC9C3B4BD}.Release|x64.Build.0 = Release|Any CPU
		{E338CD52-7BDF-42D9-80FE-8ACDC9C3B4BD}.Release|x86.ActiveCfg = Release|Any CPU
		{E338CD52-7BDF-42D9-80FE-8ACDC9C3B4BD}.Release|x86.Build.0 = Release|Any CPU
		{DD4D096C-60C0-42DA-B160-DF2C584CB6BF}.Debug|Any CPU.ActiveCfg = Debug|Any CPU
		{DD4D096C-60C0-42DA-B160-DF2C584CB6BF}.Debug|Any CPU.Build.0 = Debug|Any CPU
		{DD4D096C-60C0-42DA-B160-DF2C584CB6BF}.Debug|x64.ActiveCfg = Debug|Any CPU
		{DD4D096C-60C0-42DA-B160-DF2C584CB6BF}.Debug|x64.Build.0 = Debug|Any CPU
		{DD4D096C-60C0-42DA-B160-DF2C584CB6BF}.Debug|x86.ActiveCfg = Debug|Any CPU
		{DD4D096C-60C0-42DA-B160-DF2C584CB6BF}.Debug|x86.Build.0 = Debug|Any CPU
		{DD4D096C-60C0-42DA-B160-DF2C584CB6BF}.Release|Any CPU.ActiveCfg = Release|Any CPU
		{DD4D096C-60C0-42DA-B160-DF2C584CB6BF}.Release|Any CPU.Build.0 = Release|Any CPU
		{DD4D096C-60C0-42DA-B160-DF2C584CB6BF}.Release|x64.ActiveCfg = Release|Any CPU
		{DD4D096C-60C0-42DA-B160-DF2C584CB6BF}.Release|x64.Build.0 = Release|Any CPU
		{DD4D096C-60C0-42DA-B160-DF2C584CB6BF}.Release|x86.ActiveCfg = Release|Any CPU
		{DD4D096C-60C0-42DA-B160-DF2C584CB6BF}.Release|x86.Build.0 = Release|Any CPU
		{1AFDDD2F-2AF5-4BF3-AE04-89A23B2991D3}.Debug|Any CPU.ActiveCfg = Debug|Any CPU
		{1AFDDD2F-2AF5-4BF3-AE04-89A23B2991D3}.Debug|Any CPU.Build.0 = Debug|Any CPU
		{1AFDDD2F-2AF5-4BF3-AE04-89A23B2991D3}.Debug|x64.ActiveCfg = Debug|Any CPU
		{1AFDDD2F-2AF5-4BF3-AE04-89A23B2991D3}.Debug|x64.Build.0 = Debug|Any CPU
		{1AFDDD2F-2AF5-4BF3-AE04-89A23B2991D3}.Debug|x86.ActiveCfg = Debug|Any CPU
		{1AFDDD2F-2AF5-4BF3-AE04-89A23B2991D3}.Debug|x86.Build.0 = Debug|Any CPU
		{1AFDDD2F-2AF5-4BF3-AE04-89A23B2991D3}.Release|Any CPU.ActiveCfg = Release|Any CPU
		{1AFDDD2F-2AF5-4BF3-AE04-89A23B2991D3}.Release|Any CPU.Build.0 = Release|Any CPU
		{1AFDDD2F-2AF5-4BF3-AE04-89A23B2991D3}.Release|x64.ActiveCfg = Release|Any CPU
		{1AFDDD2F-2AF5-4BF3-AE04-89A23B2991D3}.Release|x64.Build.0 = Release|Any CPU
		{1AFDDD2F-2AF5-4BF3-AE04-89A23B2991D3}.Release|x86.ActiveCfg = Release|Any CPU
		{1AFDDD2F-2AF5-4BF3-AE04-89A23B2991D3}.Release|x86.Build.0 = Release|Any CPU
	EndGlobalSection
	GlobalSection(SolutionProperties) = preSolution
		HideSolutionNode = FALSE
	EndGlobalSection
	GlobalSection(NestedProjects) = preSolution
		{0B2ACB71-744B-465F-BBB5-E5DF0E712143} = {93827707-8DE9-423D-8397-644842DE664F}
		{032DA6CE-01C2-4B6B-B762-3DCF2006DF2A} = {93827707-8DE9-423D-8397-644842DE664F}
		{224A3A32-AC4E-4487-BC2C-B5969B39CDFA} = {93827707-8DE9-423D-8397-644842DE664F}
		{E338CD52-7BDF-42D9-80FE-8ACDC9C3B4BD} = {93827707-8DE9-423D-8397-644842DE664F}
	EndGlobalSection
	GlobalSection(ExtensibilityGlobals) = postSolution
		SolutionGuid = {8E408F57-1FD9-4955-BA26-18EA782BEECD}
	EndGlobalSection
EndGlobal
